
Microsoft Visual Studio Solution File, Format Version 12.00
# Visual Studio Version 17
VisualStudioVersion = 17.11.35219.272
MinimumVisualStudioVersion = 10.0.40219.1
Project("{FAE04EC0-301F-11D3-BF4B-00C04F79EFBC}") = "Stations_", "Stations_\Stations_.csproj", "{1DE85A83-5DAC-419B-AE84-C5F75A67F533}"
EndProject
Global
	GlobalSection(SolutionConfigurationPlatforms) = preSolution
		Debug|Any CPU = Debug|Any CPU
		Release|Any CPU = Release|Any CPU
	EndGlobalSection
	GlobalSection(ProjectConfigurationPlatforms) = postSolution
		{1DE85A83-5DAC-419B-AE84-C5F75A67F533}.Debug|Any CPU.ActiveCfg = Debug|Any CPU
		{1DE85A83-5DAC-419B-AE84-C5F75A67F533}.Debug|Any CPU.Build.0 = Debug|Any CPU
		{1DE85A83-5DAC-419B-AE84-C5F75A67F533}.Release|Any CPU.ActiveCfg = Release|Any CPU
		{1DE85A83-5DAC-419B-AE84-C5F75A67F533}.Release|Any CPU.Build.0 = Release|Any CPU
	EndGlobalSection
	GlobalSection(SolutionProperties) = preSolution
		HideSolutionNode = FALSE
	EndGlobalSection
	GlobalSection(ExtensibilityGlobals) = postSolution
		SolutionGuid = {F332DB82-3F3C-44E2-BE91-DD5C55E80ED5}
	EndGlobalSection
EndGlobal
